
Microsoft Visual Studio Solution File, Format Version 12.00
# Visual Studio Version 17
VisualStudioVersion = 17.0.31903.59
MinimumVisualStudioVersion = 10.0.40219.1
Project("{FAE04EC0-301F-11D3-BF4B-00C04F79EFBC}") = "FactoryMethod", "src\FactoryMethod.csproj", "{BBCCCF7F-9EC2-489D-B289-E2E8EF4AB488}"
EndProject
Project("{FAE04EC0-301F-11D3-BF4B-00C04F79EFBC}") = "FactoryMethodTests", "tests\FactoryMethodTests.csproj", "{1AC6EEF3-3387-412F-A064-9494B1058325}"
EndProject
Global
	GlobalSection(SolutionConfigurationPlatforms) = preSolution
		Debug|Any CPU = Debug|Any CPU
		Release|Any CPU = Release|Any CPU
	EndGlobalSection
	GlobalSection(SolutionProperties) = preSolution
		HideSolutionNode = FALSE
	EndGlobalSection
	GlobalSection(ProjectConfigurationPlatforms) = postSolution
		{BBCCCF7F-9EC2-489D-B289-E2E8EF4AB488}.Debug|Any CPU.ActiveCfg = Debug|Any CPU
		{BBCCCF7F-9EC2-489D-B289-E2E8EF4AB488}.Debug|Any CPU.Build.0 = Debug|Any CPU
		{BBCCCF7F-9EC2-489D-B289-E2E8EF4AB488}.Release|Any CPU.ActiveCfg = Release|Any CPU
		{BBCCCF7F-9EC2-489D-B289-E2E8EF4AB488}.Release|Any CPU.Build.0 = Release|Any CPU
		{1AC6EEF3-3387-412F-A064-9494B1058325}.Debug|Any CPU.ActiveCfg = Debug|Any CPU
		{1AC6EEF3-3387-412F-A064-9494B1058325}.Debug|Any CPU.Build.0 = Debug|Any CPU
		{1AC6EEF3-3387-412F-A064-9494B1058325}.Release|Any CPU.ActiveCfg = Release|Any CPU
		{1AC6EEF3-3387-412F-A064-9494B1058325}.Release|Any CPU.Build.0 = Release|Any CPU
	EndGlobalSection
EndGlobal
